
Microsoft Visual Studio Solution File, Format Version 12.00
# Visual Studio Version 17
VisualStudioVersion = 17.3.32929.385
MinimumVisualStudioVersion = 10.0.40219.1
Project("{FAE04EC0-301F-11D3-BF4B-00C04F79EFBC}") = "StudyGroupConsoleUI", "StudyGroupConsoleUI.csproj", "{190EE767-0BB4-49C9-9A27-BCE26D560687}"
EndProject
Global
	GlobalSection(SolutionConfigurationPlatforms) = preSolution
		Debug|Any CPU = Debug|Any CPU
		Release|Any CPU = Release|Any CPU
	EndGlobalSection
	GlobalSection(ProjectConfigurationPlatforms) = postSolution
		{190EE767-0BB4-49C9-9A27-BCE26D560687}.Debug|Any CPU.ActiveCfg = Debug|Any CPU
		{190EE767-0BB4-49C9-9A27-BCE26D560687}.Debug|Any CPU.Build.0 = Debug|Any CPU
		{190EE767-0BB4-49C9-9A27-BCE26D560687}.Release|Any CPU.ActiveCfg = Release|Any CPU
		{190EE767-0BB4-49C9-9A27-BCE26D560687}.Release|Any CPU.Build.0 = Release|Any CPU
	EndGlobalSection
	GlobalSection(SolutionProperties) = preSolution
		HideSolutionNode = FALSE
	EndGlobalSection
	GlobalSection(ExtensibilityGlobals) = postSolution
		SolutionGuid = {7CBDA622-8F82-48E1-AC9D-EE1BCA44947E}
	EndGlobalSection
EndGlobal
